
Microsoft Visual Studio Solution File, Format Version 12.00
# Visual Studio Version 17
VisualStudioVersion = 17.0.31903.59
MinimumVisualStudioVersion = 10.0.40219.1
Project("{888888A0-9F3D-457C-B088-3A5042F75D52}") = "my website", "my website\my website.pyproj", "{AFD6AF97-4B1F-4826-A223-0607D00950CE}"
EndProject
Global
	GlobalSection(SolutionConfigurationPlatforms) = preSolution
		Debug|Any CPU = Debug|Any CPU
		Release|Any CPU = Release|Any CPU
	EndGlobalSection
	GlobalSection(ProjectConfigurationPlatforms) = postSolution
		{AFD6AF97-4B1F-4826-A223-0607D00950CE}.Debug|Any CPU.ActiveCfg = Debug|Any CPU
		{AFD6AF97-4B1F-4826-A223-0607D00950CE}.Release|Any CPU.ActiveCfg = Release|Any CPU
	EndGlobalSection
	GlobalSection(SolutionProperties) = preSolution
		HideSolutionNode = FALSE
	EndGlobalSection
	GlobalSection(ExtensibilityGlobals) = postSolution
		SolutionGuid = {E162F2C8-B07C-4E94-B3F4-875F02796409}
	EndGlobalSection
EndGlobal
